// !$*UTF8*$!
{
	archiveVersion = 1;
	classes = {
	};
	objectVersion = 56;
	objects = {

/* Begin PBXBuildFile section */
		B622754C8AFD4A00 /* AppDelegate.swift in Sources */ = {isa = PBXBuildFile; fileRef = EE31C57145F84AEC /* AppDelegate.swift */; };
		0DEABE4F168C4759 /* CropperApp.swift in Sources */ = {isa = PBXBuildFile; fileRef = B9BC1FE7509E4963 /* CropperApp.swift */; };
		0A230F73EC834AF3 /* ViewController.swift in Sources */ = {isa = PBXBuildFile; fileRef = DB35DAFF51C743EB /* ViewController.swift */; };
		156F3043FBFA4C4A /* ImageWindowController.swift in Sources */ = {isa = PBXBuildFile; fileRef = A910DA0D45C74E4E /* ImageWindowController.swift */; };
		17F2CF4A5AE54B2D /* CropperUITests.swift in Sources */ = {isa = PBXBuildFile; fileRef = 651CFCD0A92642D5 /* CropperUITests.swift */; };
/* End PBXBuildFile section */

/* Begin PBXContainerItemProxy section */
		18E3055F66124C00 /* PBXContainerItemProxy */ = {
			isa = PBXContainerItemProxy;
			containerPortal = A152C7D7AFE145B2 /* Project object */;
			proxyType = 1;
			remoteGlobalIDString = C1A468ED600F4358;
			remoteInfo = Cropper;
		};
/* End PBXContainerItemProxy section */

/* Begin PBXFileReference section */
		EE31C57145F84AEC /* AppDelegate.swift */ = {isa = PBXFileReference; lastKnownFileType = sourcecode.swift; path = AppDelegate.swift; sourceTree = "<group>"; };
		B9BC1FE7509E4963 /* CropperApp.swift */ = {isa = PBXFileReference; lastKnownFileType = sourcecode.swift; path = CropperApp.swift; sourceTree = "<group>"; };
		DB35DAFF51C743EB /* ViewController.swift */ = {isa = PBXFileReference; lastKnownFileType = sourcecode.swift; path = ViewController.swift; sourceTree = "<group>"; };
		A910DA0D45C74E4E /* ImageWindowController.swift */ = {isa = PBXFileReference; lastKnownFileType = sourcecode.swift; path = ImageWindowController.swift; sourceTree = "<group>"; };
		651CFCD0A92642D5 /* CropperUITests.swift */ = {isa = PBXFileReference; lastKnownFileType = sourcecode.swift; path = CropperUITests.swift; sourceTree = "<group>"; };
		42EF0F0294D647D4 /* Info.plist */ = {isa = PBXFileReference; lastKnownFileType = text.plist.xml; path = Info.plist; sourceTree = "<group>"; };
		841D850AFD144EDD /* Cropper.app */ = {isa = PBXFileReference; explicitFileType = wrapper.application; includeInIndex = 0; path = Cropper.app; sourceTree = BUILT_PRODUCTS_DIR; };
		521A858A4BD647E9 /* CropperUITests.xctest */ = {isa = PBXFileReference; explicitFileType = wrapper.cfbundle; includeInIndex = 0; path = CropperUITests.xctest; sourceTree = BUILT_PRODUCTS_DIR; };
/* End PBXFileReference section */

/* Begin PBXFrameworksBuildPhase section */
		83DA1D654EE54CAB /* Frameworks */ = {
			isa = PBXFrameworksBuildPhase;
			buildActionMask = 2147483647;
			files = (
			);
			runOnlyForDeploymentPostprocessing = 0;
		};
		9BA4B9161DA84813 /* Frameworks */ = {
			isa = PBXFrameworksBuildPhase;
			buildActionMask = 2147483647;
			files = (
			);
			runOnlyForDeploymentPostprocessing = 0;
		};
/* End PBXFrameworksBuildPhase section */

/* Begin PBXGroup section */
		EBCE86176BF64DE6 = {
			isa = PBXGroup;
			children = (
				DAA687E8984645BD /* Sources */,
				218331A9FB684745 /* CropperUITests */,
				C8A748F213AA407A /* Products */,
				42EF0F0294D647D4 /* Info.plist */,
			);
			sourceTree = "<group>";
		};
		DAA687E8984645BD /* Sources */ = {
			isa = PBXGroup;
			children = (
				EE31C57145F84AEC /* AppDelegate.swift */,
				B9BC1FE7509E4963 /* CropperApp.swift */,
				DB35DAFF51C743EB /* ViewController.swift */,
				A910DA0D45C74E4E /* ImageWindowController.swift */,
			);
			path = Sources;
			sourceTree = "<group>";
		};
		218331A9FB684745 /* CropperUITests */ = {
			isa = PBXGroup;
			children = (
				651CFCD0A92642D5 /* CropperUITests.swift */,
			);
			path = CropperUITests;
			sourceTree = "<group>";
		};
		C8A748F213AA407A /* Products */ = {
			isa = PBXGroup;
			children = (
				841D850AFD144EDD /* Cropper.app */,
				521A858A4BD647E9 /* CropperUITests.xctest */,
			);
			name = Products;
			sourceTree = "<group>";
		};
/* End PBXGroup section */

/* Begin PBXNativeTarget section */
		C1A468ED600F4358 /* Cropper */ = {
			isa = PBXNativeTarget;
			buildConfigurationList = 26D9DCA1916942AC /* Build configuration list for PBXNativeTarget "Cropper" */;
			buildPhases = (
				EA91029809C34E27 /* Sources */,
				83DA1D654EE54CAB /* Frameworks */,
				B4FB3EE350FC459C /* Resources */,
			);
			buildRules = (
			);
			dependencies = (
			);
			name = Cropper;
			productName = Cropper;
			productReference = 841D850AFD144EDD /* Cropper.app */;
			productType = "com.apple.product-type.application";
		};
		6504D690EB224A35 /* CropperUITests */ = {
			isa = PBXNativeTarget;
			buildConfigurationList = BFFFB8CEEB3B49A8 /* Build configuration list for PBXNativeTarget "CropperUITests" */;
			buildPhases = (
				B2AAEBC4D2A34973 /* Sources */,
				9BA4B9161DA84813 /* Frameworks */,
				6F534A0DFF524181 /* Resources */,
			);
			buildRules = (
			);
			dependencies = (
				0A40BD0020D04F52 /* PBXTargetDependency */,
			);
			name = CropperUITests;
			productName = CropperUITests;
			productReference = 521A858A4BD647E9 /* CropperUITests.xctest */;
			productType = "com.apple.product-type.bundle.ui-testing";
		};
/* End PBXNativeTarget section */

/* Begin PBXProject section */
		A152C7D7AFE145B2 /* Project object */ = {
			isa = PBXProject;
			attributes = {
				BuildIndependentTargetsInParallel = 1;
				LastSwiftUpdateCheck = 1500;
				LastUpgradeCheck = 1500;
				TargetAttributes = {
					C1A468ED600F4358 = {
						CreatedOnToolsVersion = 15.0;
					};
					6504D690EB224A35 = {
						CreatedOnToolsVersion = 15.0;
						TestTargetID = C1A468ED600F4358;
					};
				};
			};
			buildConfigurationList = E2BB9C2502194AFA /* Build configuration list for PBXProject "Cropper" */;
			compatibilityVersion = "Xcode 14.0";
			developmentRegion = en;
			hasScannedForEncodings = 0;
			knownRegions = (
				en,
				Base,
			);
			mainGroup = EBCE86176BF64DE6;
			productRefGroup = C8A748F213AA407A /* Products */;
			projectDirPath = "";
			projectRoot = "";
			targets = (
				C1A468ED600F4358 /* Cropper */,
				6504D690EB224A35 /* CropperUITests */,
			);
		};
/* End PBXProject section */

/* Begin PBXResourcesBuildPhase section */
		B4FB3EE350FC459C /* Resources */ = {
			isa = PBXResourcesBuildPhase;
			buildActionMask = 2147483647;
			files = (
			);
			runOnlyForDeploymentPostprocessing = 0;
		};
		6F534A0DFF524181 /* Resources */ = {
			isa = PBXResourcesBuildPhase;
			buildActionMask = 2147483647;
			files = (
			);
			runOnlyForDeploymentPostprocessing = 0;
		};
/* End PBXResourcesBuildPhase section */

/* Begin PBXSourcesBuildPhase section */
		EA91029809C34E27 /* Sources */ = {
			isa = PBXSourcesBuildPhase;
			buildActionMask = 2147483647;
			files = (
				B622754C8AFD4A00 /* AppDelegate.swift in Sources */,
				0DEABE4F168C4759 /* CropperApp.swift in Sources */,
				0A230F73EC834AF3 /* ViewController.swift in Sources */,
				156F3043FBFA4C4A /* ImageWindowController.swift in Sources */,
			);
			runOnlyForDeploymentPostprocessing = 0;
		};
		B2AAEBC4D2A34973 /* Sources */ = {
			isa = PBXSourcesBuildPhase;
			buildActionMask = 2147483647;
			files = (
				17F2CF4A5AE54B2D /* CropperUITests.swift in Sources */,
			);
			runOnlyForDeploymentPostprocessing = 0;
		};
/* End PBXSourcesBuildPhase section */

/* Begin PBXTargetDependency section */
		0A40BD0020D04F52 /* PBXTargetDependency */ = {
			isa = PBXTargetDependency;
			target = C1A468ED600F4358 /* Cropper */;
			targetProxy = 18E3055F66124C00 /* PBXContainerItemProxy */;
		};
/* End PBXTargetDependency section */

/* Begin XCBuildConfiguration section */
		C2DEF50032154455 /* Debug */ = {
			isa = XCBuildConfiguration;
			buildSettings = {
				ALWAYS_SEARCH_USER_PATHS = NO;
				CLANG_ANALYZER_NONNULL = YES;
				CLANG_ANALYZER_NUMBER_OBJECT_CONVERSION = YES_AGGRESSIVE;
				CLANG_CXX_LANGUAGE_STANDARD = "gnu++20";
				CLANG_ENABLE_MODULES = YES;
				CLANG_ENABLE_OBJC_ARC = YES;
				CLANG_ENABLE_OBJC_WEAK = YES;
				CLANG_WARN_BLOCK_CAPTURE_AUTORELEASING = YES;
				CLANG_WARN_BOOL_CONVERSION = YES;
				CLANG_WARN_COMMA = YES;
				CLANG_WARN_CONSTANT_CONVERSION = YES;
				CLANG_WARN_DEPRECATED_OBJC_IMPLEMENTATIONS = YES;
				CLANG_WARN_DIRECT_OBJC_ISA_USAGE = YES_ERROR;
				CLANG_WARN_DOCUMENTATION_COMMENTS = YES;
				CLANG_WARN_EMPTY_BODY = YES;
				CLANG_WARN_ENUM_CONVERSION = YES;
				CLANG_WARN_INFINITE_RECURSION = YES;
				CLANG_WARN_INT_CONVERSION = YES;
				CLANG_WARN_NON_LITERAL_NULL_CONVERSION = YES;
				CLANG_WARN_OBJC_IMPLICIT_RETAIN_SELF = YES;
				CLANG_WARN_OBJC_LITERAL_CONVERSION = YES;
				CLANG_WARN_OBJC_ROOT_CLASS = YES_ERROR;
				CLANG_WARN_QUOTED_INCLUDE_IN_FRAMEWORK_HEADER = YES;
				CLANG_WARN_RANGE_LOOP_ANALYSIS = YES;
				CLANG_WARN_STRICT_PROTOTYPES = YES;
				CLANG_WARN_SUSPICIOUS_MOVE = YES;
				CLANG_WARN_UNGUARDED_AVAILABILITY = YES_AGGRESSIVE;
				CLANG_WARN_UNREACHABLE_CODE = YES;
				CLANG_WARN__DUPLICATE_METHOD_MATCH = YES;
				COPY_PHASE_STRIP = NO;
				DEBUG_INFORMATION_FORMAT = dwarf;
				ENABLE_STRICT_OBJC_MSGSEND = YES;
				ENABLE_TESTABILITY = YES;
				GCC_C_LANGUAGE_STANDARD = gnu17;
				GCC_DYNAMIC_NO_PIC = NO;
				GCC_NO_COMMON_BLOCKS = YES;
				GCC_OPTIMIZATION_LEVEL = 0;
				GCC_PREPROCESSOR_DEFINITIONS = (
					"DEBUG=1",
					"$(inherited)",
				);
				GCC_WARN_64_TO_32_BIT_CONVERSION = YES;
				GCC_WARN_ABOUT_RETURN_TYPE = YES_ERROR;
				GCC_WARN_UNDECLARED_SELECTOR = YES;
				GCC_WARN_UNINITIALIZED_AUTOS = YES_AGGRESSIVE;
				GCC_WARN_UNUSED_FUNCTION = YES;
				GCC_WARN_UNUSED_VARIABLE = YES;
				MACOSX_DEPLOYMENT_TARGET = 13.0;
				MTL_ENABLE_DEBUG_INFO = INCLUDE_SOURCE;
				MTL_FAST_MATH = YES;
				ONLY_ACTIVE_ARCH = YES;
				SDKROOT = macosx;
				SWIFT_ACTIVE_COMPILATION_CONDITIONS = "DEBUG $(inherited)";
				SWIFT_OPTIMIZATION_LEVEL = "-Onone";
				SWIFT_VERSION = 6.0;
			};
			name = Debug;
		};
		447B315C4EF74FA7 /* Release */ = {
			isa = XCBuildConfiguration;
			buildSettings = {
				ALWAYS_SEARCH_USER_PATHS = NO;
				CLANG_ANALYZER_NONNULL = YES;
				CLANG_ANALYZER_NUMBER_OBJECT_CONVERSION = YES_AGGRESSIVE;
				CLANG_CXX_LANGUAGE_STANDARD = "gnu++20";
				CLANG_ENABLE_MODULES = YES;
				CLANG_ENABLE_OBJC_ARC = YES;
				CLANG_ENABLE_OBJC_WEAK = YES;
				CLANG_WARN_BLOCK_CAPTURE_AUTORELEASING = YES;
				CLANG_WARN_BOOL_CONVERSION = YES;
				CLANG_WARN_COMMA = YES;
				CLANG_WARN_CONSTANT_CONVERSION = YES;
				CLANG_WARN_DEPRECATED_OBJC_IMPLEMENTATIONS = YES;
				CLANG_WARN_DIRECT_OBJC_ISA_USAGE = YES_ERROR;
				CLANG_WARN_DOCUMENTATION_COMMENTS = YES;
				CLANG_WARN_EMPTY_BODY = YES;
				CLANG_WARN_ENUM_CONVERSION = YES;
				CLANG_WARN_INFINITE_RECURSION = YES;
				CLANG_WARN_INT_CONVERSION = YES;
				CLANG_WARN_NON_LITERAL_NULL_CONVERSION = YES;
				CLANG_WARN_OBJC_IMPLICIT_RETAIN_SELF = YES;
				CLANG_WARN_OBJC_LITERAL_CONVERSION = YES;
				CLANG_WARN_OBJC_ROOT_CLASS = YES_ERROR;
				CLANG_WARN_QUOTED_INCLUDE_IN_FRAMEWORK_HEADER = YES;
				CLANG_WARN_RANGE_LOOP_ANALYSIS = YES;
				CLANG_WARN_STRICT_PROTOTYPES = YES;
				CLANG_WARN_SUSPICIOUS_MOVE = YES;
				CLANG_WARN_UNGUARDED_AVAILABILITY = YES_AGGRESSIVE;
				CLANG_WARN_UNREACHABLE_CODE = YES;
				CLANG_WARN__DUPLICATE_METHOD_MATCH = YES;
				COPY_PHASE_STRIP = NO;
				DEBUG_INFORMATION_FORMAT = "dwarf-with-dsym";
				ENABLE_NS_ASSERTIONS = NO;
				ENABLE_STRICT_OBJC_MSGSEND = YES;
				GCC_C_LANGUAGE_STANDARD = gnu17;
				GCC_NO_COMMON_BLOCKS = YES;
				GCC_WARN_64_TO_32_BIT_CONVERSION = YES;
				GCC_WARN_ABOUT_RETURN_TYPE = YES_ERROR;
				GCC_WARN_UNDECLARED_SELECTOR = YES;
				GCC_WARN_UNINITIALIZED_AUTOS = YES_AGGRESSIVE;
				GCC_WARN_UNUSED_FUNCTION = YES;
				GCC_WARN_UNUSED_VARIABLE = YES;
				MACOSX_DEPLOYMENT_TARGET = 13.0;
				MTL_ENABLE_DEBUG_INFO = NO;
				MTL_FAST_MATH = YES;
				SDKROOT = macosx;
				SWIFT_COMPILATION_MODE = wholemodule;
				SWIFT_VERSION = 6.0;
			};
			name = Release;
		};
		0C5FECB9BC3248E5 /* Debug */ = {
			isa = XCBuildConfiguration;
			buildSettings = {
				CODE_SIGN_STYLE = Automatic;
				COMBINE_HIDPI_IMAGES = YES;
				CURRENT_PROJECT_VERSION = 1;
				GENERATE_INFOPLIST_FILE = NO;
				INFOPLIST_FILE = Info.plist;
				INFOPLIST_KEY_NSHumanReadableCopyright = "Copyright 2025 Elliotte Rusty Harold. All rights reserved.";
				INFOPLIST_KEY_NSMainStoryboardFile = "";
				INFOPLIST_KEY_NSPrincipalClass = NSApplication;
				LD_RUNPATH_SEARCH_PATHS = (
					"$(inherited)",
					"@executable_path/../Frameworks",
				);
				MARKETING_VERSION = 1.0;
				PRODUCT_BUNDLE_IDENTIFIER = com.elharo.cropper;
				PRODUCT_NAME = "$(TARGET_NAME)";
				SWIFT_EMIT_LOC_STRINGS = YES;
				SWIFT_VERSION = 6.0;
			};
			name = Debug;
		};
		B9E652D43DBC4CAF /* Release */ = {
			isa = XCBuildConfiguration;
			buildSettings = {
				CODE_SIGN_STYLE = Automatic;
				COMBINE_HIDPI_IMAGES = YES;
				CURRENT_PROJECT_VERSION = 1;
				GENERATE_INFOPLIST_FILE = NO;
				INFOPLIST_FILE = Info.plist;
				INFOPLIST_KEY_NSHumanReadableCopyright = "Copyright 2025 Elliotte Rusty Harold. All rights reserved.";
				INFOPLIST_KEY_NSMainStoryboardFile = "";
				INFOPLIST_KEY_NSPrincipalClass = NSApplication;
				LD_RUNPATH_SEARCH_PATHS = (
					"$(inherited)",
					"@executable_path/../Frameworks",
				);
				MARKETING_VERSION = 1.0;
				PRODUCT_BUNDLE_IDENTIFIER = com.elharo.cropper;
				PRODUCT_NAME = "$(TARGET_NAME)";
				SWIFT_EMIT_LOC_STRINGS = YES;
				SWIFT_VERSION = 6.0;
			};
			name = Release;
		};
		00E2A8422EF6401E /* Debug */ = {
			isa = XCBuildConfiguration;
			buildSettings = {
				CODE_SIGN_STYLE = Automatic;
				CURRENT_PROJECT_VERSION = 1;
				GENERATE_INFOPLIST_FILE = YES;
				MARKETING_VERSION = 1.0;
				PRODUCT_BUNDLE_IDENTIFIER = com.elharo.cropper.CropperUITests;
				PRODUCT_NAME = "$(TARGET_NAME)";
				SWIFT_EMIT_LOC_STRINGS = NO;
				SWIFT_VERSION = 6.0;
				TEST_TARGET_NAME = Cropper;
			};
			name = Debug;
		};
		947CD1107D8D4E29 /* Release */ = {
			isa = XCBuildConfiguration;
			buildSettings = {
				CODE_SIGN_STYLE = Automatic;
				CURRENT_PROJECT_VERSION = 1;
				GENERATE_INFOPLIST_FILE = YES;
				MARKETING_VERSION = 1.0;
				PRODUCT_BUNDLE_IDENTIFIER = com.elharo.cropper.CropperUITests;
				PRODUCT_NAME = "$(TARGET_NAME)";
				SWIFT_EMIT_LOC_STRINGS = NO;
				SWIFT_VERSION = 6.0;
				TEST_TARGET_NAME = Cropper;
			};
			name = Release;
		};
/* End XCBuildConfiguration section */

/* Begin XCConfigurationList section */
		E2BB9C2502194AFA /* Build configuration list for PBXProject "Cropper" */ = {
			isa = XCConfigurationList;
			buildConfigurations = (
				C2DEF50032154455 /* Debug */,
				447B315C4EF74FA7 /* Release */,
			);
			defaultConfigurationIsVisible = 0;
			defaultConfigurationName = Release;
		};
		26D9DCA1916942AC /* Build configuration list for PBXNativeTarget "Cropper" */ = {
			isa = XCConfigurationList;
			buildConfigurations = (
				0C5FECB9BC3248E5 /* Debug */,
				B9E652D43DBC4CAF /* Release */,
			);
			defaultConfigurationIsVisible = 0;
			defaultConfigurationName = Release;
		};
		BFFFB8CEEB3B49A8 /* Build configuration list for PBXNativeTarget "CropperUITests" */ = {
			isa = XCConfigurationList;
			buildConfigurations = (
				00E2A8422EF6401E /* Debug */,
				947CD1107D8D4E29 /* Release */,
			);
			defaultConfigurationIsVisible = 0;
			defaultConfigurationName = Release;
		};
/* End XCConfigurationList section */
	};
	rootObject = A152C7D7AFE145B2 /* Project object */;
}
